// !$*UTF8*$!
{
	archiveVersion = 1;
	classes = {
	};
	objectVersion = 46;
	objects = {

/* Begin PBXBuildFile section */
		ADDC8FA4190EDF4400BF7B85 /* Foundation.framework in Frameworks */ = {isa = PBXBuildFile; fileRef = ADDC8FA3190EDF4400BF7B85 /* Foundation.framework */; };
		ADDC8FA6190EDF4400BF7B85 /* CoreGraphics.framework in Frameworks */ = {isa = PBXBuildFile; fileRef = ADDC8FA5190EDF4400BF7B85 /* CoreGraphics.framework */; };
		ADDC8FA8190EDF4400BF7B85 /* UIKit.framework in Frameworks */ = {isa = PBXBuildFile; fileRef = ADDC8FA7190EDF4400BF7B85 /* UIKit.framework */; };
		ADDC8FAE190EDF4400BF7B85 /* InfoPlist.strings in Resources */ = {isa = PBXBuildFile; fileRef = ADDC8FAC190EDF4400BF7B85 /* InfoPlist.strings */; };
		ADDC8FB0190EDF4400BF7B85 /* main.m in Sources */ = {isa = PBXBuildFile; fileRef = ADDC8FAF190EDF4400BF7B85 /* main.m */; };
		ADDC8FB4190EDF4400BF7B85 /* AppDelegate.m in Sources */ = {isa = PBXBuildFile; fileRef = ADDC8FB3190EDF4400BF7B85 /* AppDelegate.m */; };
		ADDC8FB6190EDF4500BF7B85 /* Images.xcassets in Resources */ = {isa = PBXBuildFile; fileRef = ADDC8FB5190EDF4500BF7B85 /* Images.xcassets */; };
		ADDC8FBD190EDF4500BF7B85 /* XCTest.framework in Frameworks */ = {isa = PBXBuildFile; fileRef = ADDC8FBC190EDF4500BF7B85 /* XCTest.framework */; };
		ADDC8FBE190EDF4500BF7B85 /* Foundation.framework in Frameworks */ = {isa = PBXBuildFile; fileRef = ADDC8FA3190EDF4400BF7B85 /* Foundation.framework */; };
		ADDC8FBF190EDF4500BF7B85 /* UIKit.framework in Frameworks */ = {isa = PBXBuildFile; fileRef = ADDC8FA7190EDF4400BF7B85 /* UIKit.framework */; };
		ADDC8FC7190EDF4500BF7B85 /* InfoPlist.strings in Resources */ = {isa = PBXBuildFile; fileRef = ADDC8FC5190EDF4500BF7B85 /* InfoPlist.strings */; };
		ADDC8FC9190EDF4500BF7B85 /* UIKitDynamicsFlappyBirdTests.m in Sources */ = {isa = PBXBuildFile; fileRef = ADDC8FC8190EDF4500BF7B85 /* UIKitDynamicsFlappyBirdTests.m */; };
		ADDC8FD5190EDF5A00BF7B85 /* GameViewController.m in Sources */ = {isa = PBXBuildFile; fileRef = ADDC8FD3190EDF5A00BF7B85 /* GameViewController.m */; };
		ADDC8FD6190EDF5A00BF7B85 /* GameViewController.xib in Resources */ = {isa = PBXBuildFile; fileRef = ADDC8FD4190EDF5A00BF7B85 /* GameViewController.xib */; };
/* End PBXBuildFile section */

/* Begin PBXContainerItemProxy section */
		ADDC8FC0190EDF4500BF7B85 /* PBXContainerItemProxy */ = {
			isa = PBXContainerItemProxy;
			containerPortal = ADDC8F98190EDF4400BF7B85 /* Project object */;
			proxyType = 1;
			remoteGlobalIDString = ADDC8F9F190EDF4400BF7B85;
			remoteInfo = UIKitDynamicsFlappyBird;
		};
/* End PBXContainerItemProxy section */

/* Begin PBXFileReference section */
		ADDC8FA0190EDF4400BF7B85 /* UIKitDynamicsFlappyBird.app */ = {isa = PBXFileReference; explicitFileType = wrapper.application; includeInIndex = 0; path = UIKitDynamicsFlappyBird.app; sourceTree = BUILT_PRODUCTS_DIR; };
		ADDC8FA3190EDF4400BF7B85 /* Foundation.framework */ = {isa = PBXFileReference; lastKnownFileType = wrapper.framework; name = Foundation.framework; path = System/Library/Frameworks/Foundation.framework; sourceTree = SDKROOT; };
		ADDC8FA5190EDF4400BF7B85 /* CoreGraphics.framework */ = {isa = PBXFileReference; lastKnownFileType = wrapper.framework; name = CoreGraphics.framework; path = System/Library/Frameworks/CoreGraphics.framework; sourceTree = SDKROOT; };
		ADDC8FA7190EDF4400BF7B85 /* UIKit.framework */ = {isa = PBXFileReference; lastKnownFileType = wrapper.framework; name = UIKit.framework; path = System/Library/Frameworks/UIKit.framework; sourceTree = SDKROOT; };
		ADDC8FAB190EDF4400BF7B85 /* UIKitDynamicsFlappyBird-Info.plist */ = {isa = PBXFileReference; lastKnownFileType = text.plist.xml; path = "UIKitDynamicsFlappyBird-Info.plist"; sourceTree = "<group>"; };
		ADDC8FAD190EDF4400BF7B85 /* en */ = {isa = PBXFileReference; lastKnownFileType = text.plist.strings; name = en; path = en.lproj/InfoPlist.strings; sourceTree = "<group>"; };
		ADDC8FAF190EDF4400BF7B85 /* main.m */ = {isa = PBXFileReference; lastKnownFileType = sourcecode.c.objc; path = main.m; sourceTree = "<group>"; };
		ADDC8FB1190EDF4400BF7B85 /* UIKitDynamicsFlappyBird-Prefix.pch */ = {isa = PBXFileReference; lastKnownFileType = sourcecode.c.h; path = "UIKitDynamicsFlappyBird-Prefix.pch"; sourceTree = "<group>"; };
		ADDC8FB2190EDF4400BF7B85 /* AppDelegate.h */ = {isa = PBXFileReference; lastKnownFileType = sourcecode.c.h; path = AppDelegate.h; sourceTree = "<group>"; };
		ADDC8FB3190EDF4400BF7B85 /* AppDelegate.m */ = {isa = PBXFileReference; lastKnownFileType = sourcecode.c.objc; path = AppDelegate.m; sourceTree = "<group>"; };
		ADDC8FB5190EDF4500BF7B85 /* Images.xcassets */ = {isa = PBXFileReference; lastKnownFileType = folder.assetcatalog; path = Images.xcassets; sourceTree = "<group>"; };
		ADDC8FBB190EDF4500BF7B85 /* UIKitDynamicsFlappyBirdTests.xctest */ = {isa = PBXFileReference; explicitFileType = wrapper.cfbundle; includeInIndex = 0; path = UIKitDynamicsFlappyBirdTests.xctest; sourceTree = BUILT_PRODUCTS_DIR; };
		ADDC8FBC190EDF4500BF7B85 /* XCTest.framework */ = {isa = PBXFileReference; lastKnownFileType = wrapper.framework; name = XCTest.framework; path = Library/Frameworks/XCTest.framework; sourceTree = DEVELOPER_DIR; };
		ADDC8FC4190EDF4500BF7B85 /* UIKitDynamicsFlappyBirdTests-Info.plist */ = {isa = PBXFileReference; lastKnownFileType = text.plist.xml; path = "UIKitDynamicsFlappyBirdTests-Info.plist"; sourceTree = "<group>"; };
		ADDC8FC6190EDF4500BF7B85 /* en */ = {isa = PBXFileReference; lastKnownFileType = text.plist.strings; name = en; path = en.lproj/InfoPlist.strings; sourceTree = "<group>"; };
		ADDC8FC8190EDF4500BF7B85 /* UIKitDynamicsFlappyBirdTests.m */ = {isa = PBXFileReference; lastKnownFileType = sourcecode.c.objc; path = UIKitDynamicsFlappyBirdTests.m; sourceTree = "<group>"; };
		ADDC8FD2190EDF5A00BF7B85 /* GameViewController.h */ = {isa = PBXFileReference; fileEncoding = 4; lastKnownFileType = sourcecode.c.h; path = GameViewController.h; sourceTree = "<group>"; };
		ADDC8FD3190EDF5A00BF7B85 /* GameViewController.m */ = {isa = PBXFileReference; fileEncoding = 4; lastKnownFileType = sourcecode.c.objc; path = GameViewController.m; sourceTree = "<group>"; };
		ADDC8FD4190EDF5A00BF7B85 /* GameViewController.xib */ = {isa = PBXFileReference; fileEncoding = 4; lastKnownFileType = file.xib; path = GameViewController.xib; sourceTree = "<group>"; };
/* End PBXFileReference section */

/* Begin PBXFrameworksBuildPhase section */
		ADDC8F9D190EDF4400BF7B85 /* Frameworks */ = {
			isa = PBXFrameworksBuildPhase;
			buildActionMask = 2147483647;
			files = (
				ADDC8FA6190EDF4400BF7B85 /* CoreGraphics.framework in Frameworks */,
				ADDC8FA8190EDF4400BF7B85 /* UIKit.framework in Frameworks */,
				ADDC8FA4190EDF4400BF7B85 /* Foundation.framework in Frameworks */,
			);
			runOnlyForDeploymentPostprocessing = 0;
		};
		ADDC8FB8190EDF4500BF7B85 /* Frameworks */ = {
			isa = PBXFrameworksBuildPhase;
			buildActionMask = 2147483647;
			files = (
				ADDC8FBD190EDF4500BF7B85 /* XCTest.framework in Frameworks */,
				ADDC8FBF190EDF4500BF7B85 /* UIKit.framework in Frameworks */,
				ADDC8FBE190EDF4500BF7B85 /* Foundation.framework in Frameworks */,
			);
			runOnlyForDeploymentPostprocessing = 0;
		};
/* End PBXFrameworksBuildPhase section */

/* Begin PBXGroup section */
		ADDC8F97190EDF4400BF7B85 = {
			isa = PBXGroup;
			children = (
				ADDC8FA9190EDF4400BF7B85 /* UIKitDynamicsFlappyBird */,
				ADDC8FC2190EDF4500BF7B85 /* UIKitDynamicsFlappyBirdTests */,
				ADDC8FA2190EDF4400BF7B85 /* Frameworks */,
				ADDC8FA1190EDF4400BF7B85 /* Products */,
			);
			sourceTree = "<group>";
		};
		ADDC8FA1190EDF4400BF7B85 /* Products */ = {
			isa = PBXGroup;
			children = (
				ADDC8FA0190EDF4400BF7B85 /* UIKitDynamicsFlappyBird.app */,
				ADDC8FBB190EDF4500BF7B85 /* UIKitDynamicsFlappyBirdTests.xctest */,
			);
			name = Products;
			sourceTree = "<group>";
		};
		ADDC8FA2190EDF4400BF7B85 /* Frameworks */ = {
			isa = PBXGroup;
			children = (
				ADDC8FA3190EDF4400BF7B85 /* Foundation.framework */,
				ADDC8FA5190EDF4400BF7B85 /* CoreGraphics.framework */,
				ADDC8FA7190EDF4400BF7B85 /* UIKit.framework */,
				ADDC8FBC190EDF4500BF7B85 /* XCTest.framework */,
			);
			name = Frameworks;
			sourceTree = "<group>";
		};
		ADDC8FA9190EDF4400BF7B85 /* UIKitDynamicsFlappyBird */ = {
			isa = PBXGroup;
			children = (
				ADDC8FD7190EDF5E00BF7B85 /* Game View Controller */,
				ADDC8FB2190EDF4400BF7B85 /* AppDelegate.h */,
				ADDC8FB3190EDF4400BF7B85 /* AppDelegate.m */,
				ADDC8FB5190EDF4500BF7B85 /* Images.xcassets */,
				ADDC8FAA190EDF4400BF7B85 /* Supporting Files */,
			);
			path = UIKitDynamicsFlappyBird;
			sourceTree = "<group>";
		};
		ADDC8FAA190EDF4400BF7B85 /* Supporting Files */ = {
			isa = PBXGroup;
			children = (
				ADDC8FAB190EDF4400BF7B85 /* UIKitDynamicsFlappyBird-Info.plist */,
				ADDC8FAC190EDF4400BF7B85 /* InfoPlist.strings */,
				ADDC8FAF190EDF4400BF7B85 /* main.m */,
				ADDC8FB1190EDF4400BF7B85 /* UIKitDynamicsFlappyBird-Prefix.pch */,
			);
			name = "Supporting Files";
			sourceTree = "<group>";
		};
		ADDC8FC2190EDF4500BF7B85 /* UIKitDynamicsFlappyBirdTests */ = {
			isa = PBXGroup;
			children = (
				ADDC8FC8190EDF4500BF7B85 /* UIKitDynamicsFlappyBirdTests.m */,
				ADDC8FC3190EDF4500BF7B85 /* Supporting Files */,
			);
			path = UIKitDynamicsFlappyBirdTests;
			sourceTree = "<group>";
		};
		ADDC8FC3190EDF4500BF7B85 /* Supporting Files */ = {
			isa = PBXGroup;
			children = (
				ADDC8FC4190EDF4500BF7B85 /* UIKitDynamicsFlappyBirdTests-Info.plist */,
				ADDC8FC5190EDF4500BF7B85 /* InfoPlist.strings */,
			);
			name = "Supporting Files";
			sourceTree = "<group>";
		};
		ADDC8FD7190EDF5E00BF7B85 /* Game View Controller */ = {
			isa = PBXGroup;
			children = (
				ADDC8FD2190EDF5A00BF7B85 /* GameViewController.h */,
				ADDC8FD3190EDF5A00BF7B85 /* GameViewController.m */,
				ADDC8FD4190EDF5A00BF7B85 /* GameViewController.xib */,
			);
			name = "Game View Controller";
			sourceTree = "<group>";
		};
/* End PBXGroup section */

/* Begin PBXNativeTarget section */
		ADDC8F9F190EDF4400BF7B85 /* UIKitDynamicsFlappyBird */ = {
			isa = PBXNativeTarget;
			buildConfigurationList = ADDC8FCC190EDF4500BF7B85 /* Build configuration list for PBXNativeTarget "UIKitDynamicsFlappyBird" */;
			buildPhases = (
				ADDC8F9C190EDF4400BF7B85 /* Sources */,
				ADDC8F9D190EDF4400BF7B85 /* Frameworks */,
				ADDC8F9E190EDF4400BF7B85 /* Resources */,
			);
			buildRules = (
			);
			dependencies = (
			);
			name = UIKitDynamicsFlappyBird;
			productName = UIKitDynamicsFlappyBird;
			productReference = ADDC8FA0190EDF4400BF7B85 /* UIKitDynamicsFlappyBird.app */;
			productType = "com.apple.product-type.application";
		};
		ADDC8FBA190EDF4500BF7B85 /* UIKitDynamicsFlappyBirdTests */ = {
			isa = PBXNativeTarget;
			buildConfigurationList = ADDC8FCF190EDF4500BF7B85 /* Build configuration list for PBXNativeTarget "UIKitDynamicsFlappyBirdTests" */;
			buildPhases = (
				ADDC8FB7190EDF4500BF7B85 /* Sources */,
				ADDC8FB8190EDF4500BF7B85 /* Frameworks */,
				ADDC8FB9190EDF4500BF7B85 /* Resources */,
			);
			buildRules = (
			);
			dependencies = (
				ADDC8FC1190EDF4500BF7B85 /* PBXTargetDependency */,
			);
			name = UIKitDynamicsFlappyBirdTests;
			productName = UIKitDynamicsFlappyBirdTests;
			productReference = ADDC8FBB190EDF4500BF7B85 /* UIKitDynamicsFlappyBirdTests.xctest */;
			productType = "com.apple.product-type.bundle.unit-test";
		};
/* End PBXNativeTarget section */

/* Begin PBXProject section */
		ADDC8F98190EDF4400BF7B85 /* Project object */ = {
			isa = PBXProject;
			attributes = {
				LastUpgradeCheck = 0510;
				ORGANIZATIONNAME = "Vitaly Berg";
				TargetAttributes = {
					ADDC8FBA190EDF4500BF7B85 = {
						TestTargetID = ADDC8F9F190EDF4400BF7B85;
					};
				};
			};
			buildConfigurationList = ADDC8F9B190EDF4400BF7B85 /* Build configuration list for PBXProject "UIKitDynamicsFlappyBird" */;
			compatibilityVersion = "Xcode 3.2";
			developmentRegion = English;
			hasScannedForEncodings = 0;
			knownRegions = (
				en,
			);
			mainGroup = ADDC8F97190EDF4400BF7B85;
			productRefGroup = ADDC8FA1190EDF4400BF7B85 /* Products */;
			projectDirPath = "";
			projectRoot = "";
			targets = (
				ADDC8F9F190EDF4400BF7B85 /* UIKitDynamicsFlappyBird */,
				ADDC8FBA190EDF4500BF7B85 /* UIKitDynamicsFlappyBirdTests */,
			);
		};
/* End PBXProject section */

/* Begin PBXResourcesBuildPhase section */
		ADDC8F9E190EDF4400BF7B85 /* Resources */ = {
			isa = PBXResourcesBuildPhase;
			buildActionMask = 2147483647;
			files = (
				ADDC8FAE190EDF4400BF7B85 /* InfoPlist.strings in Resources */,
				ADDC8FB6190EDF4500BF7B85 /* Images.xcassets in Resources */,
				ADDC8FD6190EDF5A00BF7B85 /* GameViewController.xib in Resources */,
			);
			runOnlyForDeploymentPostprocessing = 0;
		};
		ADDC8FB9190EDF4500BF7B85 /* Resources */ = {
			isa = PBXResourcesBuildPhase;
			buildActionMask = 2147483647;
			files = (
				ADDC8FC7190EDF4500BF7B85 /* InfoPlist.strings in Resources */,
			);
			runOnlyForDeploymentPostprocessing = 0;
		};
/* End PBXResourcesBuildPhase section */

/* Begin PBXSourcesBuildPhase section */
		ADDC8F9C190EDF4400BF7B85 /* Sources */ = {
			isa = PBXSourcesBuildPhase;
			buildActionMask = 2147483647;
			files = (
				ADDC8FB4190EDF4400BF7B85 /* AppDelegate.m in Sources */,
				ADDC8FD5190EDF5A00BF7B85 /* GameViewController.m in Sources */,
				ADDC8FB0190EDF4400BF7B85 /* main.m in Sources */,
			);
			runOnlyForDeploymentPostprocessing = 0;
		};
		ADDC8FB7190EDF4500BF7B85 /* Sources */ = {
			isa = PBXSourcesBuildPhase;
			buildActionMask = 2147483647;
			files = (
				ADDC8FC9190EDF4500BF7B85 /* UIKitDynamicsFlappyBirdTests.m in Sources */,
			);
			runOnlyForDeploymentPostprocessing = 0;
		};
/* End PBXSourcesBuildPhase section */

/* Begin PBXTargetDependency section */
		ADDC8FC1190EDF4500BF7B85 /* PBXTargetDependency */ = {
			isa = PBXTargetDependency;
			target = ADDC8F9F190EDF4400BF7B85 /* UIKitDynamicsFlappyBird */;
			targetProxy = ADDC8FC0190EDF4500BF7B85 /* PBXContainerItemProxy */;
		};
/* End PBXTargetDependency section */

/* Begin PBXVariantGroup section */
		ADDC8FAC190EDF4400BF7B85 /* InfoPlist.strings */ = {
			isa = PBXVariantGroup;
			children = (
				ADDC8FAD190EDF4400BF7B85 /* en */,
			);
			name = InfoPlist.strings;
			sourceTree = "<group>";
		};
		ADDC8FC5190EDF4500BF7B85 /* InfoPlist.strings */ = {
			isa = PBXVariantGroup;
			children = (
				ADDC8FC6190EDF4500BF7B85 /* en */,
			);
			name = InfoPlist.strings;
			sourceTree = "<group>";
		};
/* End PBXVariantGroup section */

/* Begin XCBuildConfiguration section */
		ADDC8FCA190EDF4500BF7B85 /* Debug */ = {
			isa = XCBuildConfiguration;
			buildSettings = {
				ALWAYS_SEARCH_USER_PATHS = NO;
				CLANG_CXX_LANGUAGE_STANDARD = "gnu++0x";
				CLANG_CXX_LIBRARY = "libc++";
				CLANG_ENABLE_MODULES = YES;
				CLANG_ENABLE_OBJC_ARC = YES;
				CLANG_WARN_BOOL_CONVERSION = YES;
				CLANG_WARN_CONSTANT_CONVERSION = YES;
				CLANG_WARN_DIRECT_OBJC_ISA_USAGE = YES_ERROR;
				CLANG_WARN_EMPTY_BODY = YES;
				CLANG_WARN_ENUM_CONVERSION = YES;
				CLANG_WARN_INT_CONVERSION = YES;
				CLANG_WARN_OBJC_ROOT_CLASS = YES_ERROR;
				CLANG_WARN__DUPLICATE_METHOD_MATCH = YES;
				"CODE_SIGN_IDENTITY[sdk=iphoneos*]" = "iPhone Developer";
				COPY_PHASE_STRIP = NO;
				GCC_C_LANGUAGE_STANDARD = gnu99;
				GCC_DYNAMIC_NO_PIC = NO;
				GCC_OPTIMIZATION_LEVEL = 0;
				GCC_PREPROCESSOR_DEFINITIONS = (
					"DEBUG=1",
					"$(inherited)",
				);
				GCC_SYMBOLS_PRIVATE_EXTERN = NO;
				GCC_WARN_64_TO_32_BIT_CONVERSION = YES;
				GCC_WARN_ABOUT_RETURN_TYPE = YES_ERROR;
				GCC_WARN_UNDECLARED_SELECTOR = YES;
				GCC_WARN_UNINITIALIZED_AUTOS = YES_AGGRESSIVE;
				GCC_WARN_UNUSED_FUNCTION = YES;
				GCC_WARN_UNUSED_VARIABLE = YES;
				IPHONEOS_DEPLOYMENT_TARGET = 7.1;
				ONLY_ACTIVE_ARCH = YES;
				SDKROOT = iphoneos;
			};
			name = Debug;
		};
		ADDC8FCB190EDF4500BF7B85 /* Release */ = {
			isa = XCBuildConfiguration;
			buildSettings = {
				ALWAYS_SEARCH_USER_PATHS = NO;
				CLANG_CXX_LANGUAGE_STANDARD = "gnu++0x";
				CLANG_CXX_LIBRARY = "libc++";
				CLANG_ENABLE_MODULES = YES;
				CLANG_ENABLE_OBJC_ARC = YES;
				CLANG_WARN_BOOL_CONVERSION = YES;
				CLANG_WARN_CONSTANT_CONVERSION = YES;
				CLANG_WARN_DIRECT_OBJC_ISA_USAGE = YES_ERROR;
				CLANG_WARN_EMPTY_BODY = YES;
				CLANG_WARN_ENUM_CONVERSION = YES;
				CLANG_WARN_INT_CONVERSION = YES;
				CLANG_WARN_OBJC_ROOT_CLASS = YES_ERROR;
				CLANG_WARN__DUPLICATE_METHOD_MATCH = YES;
				"CODE_SIGN_IDENTITY[sdk=iphoneos*]" = "iPhone Developer";
				COPY_PHASE_STRIP = YES;
				ENABLE_NS_ASSERTIONS = NO;
				GCC_C_LANGUAGE_STANDARD = gnu99;
				GCC_WARN_64_TO_32_BIT_CONVERSION = YES;
				GCC_WARN_ABOUT_RETURN_TYPE = YES_ERROR;
				GCC_WARN_UNDECLARED_SELECTOR = YES;
				GCC_WARN_UNINITIALIZED_AUTOS = YES_AGGRESSIVE;
				GCC_WARN_UNUSED_FUNCTION = YES;
				GCC_WARN_UNUSED_VARIABLE = YES;
				IPHONEOS_DEPLOYMENT_TARGET = 7.1;
				SDKROOT = iphoneos;
				VALIDATE_PRODUCT = YES;
			};
			name = Release;
		};
		ADDC8FCD190EDF4500BF7B85 /* Debug */ = {
			isa = XCBuildConfiguration;
			buildSettings = {
				ASSETCATALOG_COMPILER_APPICON_NAME = AppIcon;
				ASSETCATALOG_COMPILER_LAUNCHIMAGE_NAME = LaunchImage;
				GCC_PRECOMPILE_PREFIX_HEADER = YES;
				GCC_PREFIX_HEADER = "UIKitDynamicsFlappyBird/UIKitDynamicsFlappyBird-Prefix.pch";
				INFOPLIST_FILE = "UIKitDynamicsFlappyBird/UIKitDynamicsFlappyBird-Info.plist";
				PRODUCT_NAME = "$(TARGET_NAME)";
				WRAPPER_EXTENSION = app;
			};
			name = Debug;
		};
		ADDC8FCE190EDF4500BF7B85 /* Release */ = {
			isa = XCBuildConfiguration;
			buildSettings = {
				ASSETCATALOG_COMPILER_APPICON_NAME = AppIcon;
				ASSETCATALOG_COMPILER_LAUNCHIMAGE_NAME = LaunchImage;
				GCC_PRECOMPILE_PREFIX_HEADER = YES;
				GCC_PREFIX_HEADER = "UIKitDynamicsFlappyBird/UIKitDynamicsFlappyBird-Prefix.pch";
				INFOPLIST_FILE = "UIKitDynamicsFlappyBird/UIKitDynamicsFlappyBird-Info.plist";
				PRODUCT_NAME = "$(TARGET_NAME)";
				WRAPPER_EXTENSION = app;
			};
			name = Release;
		};
		ADDC8FD0190EDF4500BF7B85 /* Debug */ = {
			isa = XCBuildConfiguration;
			buildSettings = {
				BUNDLE_LOADER = "$(BUILT_PRODUCTS_DIR)/UIKitDynamicsFlappyBird.app/UIKitDynamicsFlappyBird";
				FRAMEWORK_SEARCH_PATHS = (
					"$(SDKROOT)/Developer/Library/Frameworks",
					"$(inherited)",
					"$(DEVELOPER_FRAMEWORKS_DIR)",
				);
				GCC_PRECOMPILE_PREFIX_HEADER = YES;
				GCC_PREFIX_HEADER = "UIKitDynamicsFlappyBird/UIKitDynamicsFlappyBird-Prefix.pch";
				GCC_PREPROCESSOR_DEFINITIONS = (
					"DEBUG=1",
					"$(inherited)",
				);
				INFOPLIST_FILE = "UIKitDynamicsFlappyBirdTests/UIKitDynamicsFlappyBirdTests-Info.plist";
				PRODUCT_NAME = "$(TARGET_NAME)";
				TEST_HOST = "$(BUNDLE_LOADER)";
				WRAPPER_EXTENSION = xctest;
			};
			name = Debug;
		};
		ADDC8FD1190EDF4500BF7B85 /* Release */ = {
			isa = XCBuildConfiguration;
			buildSettings = {
				BUNDLE_LOADER = "$(BUILT_PRODUCTS_DIR)/UIKitDynamicsFlappyBird.app/UIKitDynamicsFlappyBird";
				FRAMEWORK_SEARCH_PATHS = (
					"$(SDKROOT)/Developer/Library/Frameworks",
					"$(inherited)",
					"$(DEVELOPER_FRAMEWORKS_DIR)",
				);
				GCC_PRECOMPILE_PREFIX_HEADER = YES;
				GCC_PREFIX_HEADER = "UIKitDynamicsFlappyBird/UIKitDynamicsFlappyBird-Prefix.pch";
				INFOPLIST_FILE = "UIKitDynamicsFlappyBirdTests/UIKitDynamicsFlappyBirdTests-Info.plist";
				PRODUCT_NAME = "$(TARGET_NAME)";
				TEST_HOST = "$(BUNDLE_LOADER)";
				WRAPPER_EXTENSION = xctest;
			};
			name = Release;
		};
/* End XCBuildConfiguration section */

/* Begin XCConfigurationList section */
		ADDC8F9B190EDF4400BF7B85 /* Build configuration list for PBXProject "UIKitDynamicsFlappyBird" */ = {
			isa = XCConfigurationList;
			buildConfigurations = (
				ADDC8FCA190EDF4500BF7B85 /* Debug */,
				ADDC8FCB190EDF4500BF7B85 /* Release */,
			);
			defaultConfigurationIsVisible = 0;
			defaultConfigurationName = Release;
		};
		ADDC8FCC190EDF4500BF7B85 /* Build configuration list for PBXNativeTarget "UIKitDynamicsFlappyBird" */ = {
			isa = XCConfigurationList;
			buildConfigurations = (
				ADDC8FCD190EDF4500BF7B85 /* Debug */,
				ADDC8FCE190EDF4500BF7B85 /* Release */,
			);
			defaultConfigurationIsVisible = 0;
		};
		ADDC8FCF190EDF4500BF7B85 /* Build configuration list for PBXNativeTarget "UIKitDynamicsFlappyBirdTests" */ = {
			isa = XCConfigurationList;
			buildConfigurations = (
				ADDC8FD0190EDF4500BF7B85 /* Debug */,
				ADDC8FD1190EDF4500BF7B85 /* Release */,
			);
			defaultConfigurationIsVisible = 0;
		};
/* End XCConfigurationList section */
	};
	rootObject = ADDC8F98190EDF4400BF7B85 /* Project object */;
}
